
Microsoft Visual Studio Solution File, Format Version 12.00
# Visual Studio 2012
Project("{FAE04EC0-301F-11D3-BF4B-00C04F79EFBC}") = "HRR.Core", "HRR.Core\HRR.Core.csproj", "{AB6F0D5C-52EF-4034-80F2-D2ACA26A2E30}"
EndProject
Project("{FAE04EC0-301F-11D3-BF4B-00C04F79EFBC}") = "HRR.Persistence", "HRR.Persistence\HRR.Persistence.csproj", "{40ACD546-E63E-41D9-BB5D-8D4D3D5F2CF0}"
EndProject
Project("{FAE04EC0-301F-11D3-BF4B-00C04F79EFBC}") = "HRR.Website", "HRR.Website\HRR.Website.csproj", "{13C1FDB8-2C4C-4A39-AFD2-262EB194735D}"
EndProject
Project("{FAE04EC0-301F-11D3-BF4B-00C04F79EFBC}") = "HRR.Web", "HRR.Web\HRR.Web.csproj", "{14F75CA6-FE49-4548-8AB9-DE2A78905159}"
EndProject
Project("{FAE04EC0-301F-11D3-BF4B-00C04F79EFBC}") = "HRR.Services", "HRR.Services\HRR.Services.csproj", "{D3B30E37-CB97-4A5B-A2CA-B9A2541E5BEB}"
EndProject
Project("{FAE04EC0-301F-11D3-BF4B-00C04F79EFBC}") = "HRR.WCFServicesLib", "HRR.WCFServicesLib\HRR.WCFServicesLib.csproj", "{76D77079-81B8-4CBF-A60A-2CEDF18C73DE}"
EndProject
Project("{FAE04EC0-301F-11D3-BF4B-00C04F79EFBC}") = "HRR.Notifications", "HRR.Notifications\HRR.Notifications.csproj", "{B1417CA7-5770-4272-A110-ACE51B8C0208}"
EndProject
Project("{FAE04EC0-301F-11D3-BF4B-00C04F79EFBC}") = "HRRV2.Website", "HRRV2.Website\HRRV2.Website.csproj", "{9942D9EB-2E6E-4C55-8314-E9D7E5BDA061}"
EndProject
Project("{FAE04EC0-301F-11D3-BF4B-00C04F79EFBC}") = "HRR.API", "HRR.API\HRR.API.csproj", "{23D8F9A6-351F-4AAC-8232-0747A28E6D69}"
EndProject
Global
	GlobalSection(SolutionConfigurationPlatforms) = preSolution
		Ad-Hoc|Any CPU = Ad-Hoc|Any CPU
		Ad-Hoc|iPhone = Ad-Hoc|iPhone
		Ad-Hoc|iPhoneSimulator = Ad-Hoc|iPhoneSimulator
		Ad-Hoc|Mixed Platforms = Ad-Hoc|Mixed Platforms
		Ad-Hoc|x86 = Ad-Hoc|x86
		AppStore|Any CPU = AppStore|Any CPU
		AppStore|iPhone = AppStore|iPhone
		AppStore|iPhoneSimulator = AppStore|iPhoneSimulator
		AppStore|Mixed Platforms = AppStore|Mixed Platforms
		AppStore|x86 = AppStore|x86
		Debug|Any CPU = Debug|Any CPU
		Debug|iPhone = Debug|iPhone
		Debug|iPhoneSimulator = Debug|iPhoneSimulator
		Debug|Mixed Platforms = Debug|Mixed Platforms
		Debug|x86 = Debug|x86
		Release|Any CPU = Release|Any CPU
		Release|iPhone = Release|iPhone
		Release|iPhoneSimulator = Release|iPhoneSimulator
		Release|Mixed Platforms = Release|Mixed Platforms
		Release|x86 = Release|x86
	EndGlobalSection
	GlobalSection(ProjectConfigurationPlatforms) = postSolution
		{AB6F0D5C-52EF-4034-80F2-D2ACA26A2E30}.Ad-Hoc|Any CPU.ActiveCfg = Release|Any CPU
		{AB6F0D5C-52EF-4034-80F2-D2ACA26A2E30}.Ad-Hoc|Any CPU.Build.0 = Release|Any CPU
		{AB6F0D5C-52EF-4034-80F2-D2ACA26A2E30}.Ad-Hoc|iPhone.ActiveCfg = Release|Any CPU
		{AB6F0D5C-52EF-4034-80F2-D2ACA26A2E30}.Ad-Hoc|iPhoneSimulator.ActiveCfg = Release|Any CPU
		{AB6F0D5C-52EF-4034-80F2-D2ACA26A2E30}.Ad-Hoc|Mixed Platforms.ActiveCfg = Release|Any CPU
		{AB6F0D5C-52EF-4034-80F2-D2ACA26A2E30}.Ad-Hoc|Mixed Platforms.Build.0 = Release|Any CPU
		{AB6F0D5C-52EF-4034-80F2-D2ACA26A2E30}.Ad-Hoc|x86.ActiveCfg = Release|Any CPU
		{AB6F0D5C-52EF-4034-80F2-D2ACA26A2E30}.AppStore|Any CPU.ActiveCfg = Release|Any CPU
		{AB6F0D5C-52EF-4034-80F2-D2ACA26A2E30}.AppStore|Any CPU.Build.0 = Release|Any CPU
		{AB6F0D5C-52EF-4034-80F2-D2ACA26A2E30}.AppStore|iPhone.ActiveCfg = Release|Any CPU
		{AB6F0D5C-52EF-4034-80F2-D2ACA26A2E30}.AppStore|iPhoneSimulator.ActiveCfg = Release|Any CPU
		{AB6F0D5C-52EF-4034-80F2-D2ACA26A2E30}.AppStore|Mixed Platforms.ActiveCfg = Release|Any CPU
		{AB6F0D5C-52EF-4034-80F2-D2ACA26A2E30}.AppStore|Mixed Platforms.Build.0 = Release|Any CPU
		{AB6F0D5C-52EF-4034-80F2-D2ACA26A2E30}.AppStore|x86.ActiveCfg = Release|Any CPU
		{AB6F0D5C-52EF-4034-80F2-D2ACA26A2E30}.Debug|Any CPU.ActiveCfg = Debug|Any CPU
		{AB6F0D5C-52EF-4034-80F2-D2ACA26A2E30}.Debug|Any CPU.Build.0 = Debug|Any CPU
		{AB6F0D5C-52EF-4034-80F2-D2ACA26A2E30}.Debug|iPhone.ActiveCfg = Debug|Any CPU
		{AB6F0D5C-52EF-4034-80F2-D2ACA26A2E30}.Debug|iPhoneSimulator.ActiveCfg = Debug|Any CPU
		{AB6F0D5C-52EF-4034-80F2-D2ACA26A2E30}.Debug|Mixed Platforms.ActiveCfg = Debug|Any CPU
		{AB6F0D5C-52EF-4034-80F2-D2ACA26A2E30}.Debug|Mixed Platforms.Build.0 = Debug|Any CPU
		{AB6F0D5C-52EF-4034-80F2-D2ACA26A2E30}.Debug|x86.ActiveCfg = Debug|Any CPU
		{AB6F0D5C-52EF-4034-80F2-D2ACA26A2E30}.Release|Any CPU.ActiveCfg = Release|Any CPU
		{AB6F0D5C-52EF-4034-80F2-D2ACA26A2E30}.Release|Any CPU.Build.0 = Release|Any CPU
		{AB6F0D5C-52EF-4034-80F2-D2ACA26A2E30}.Release|iPhone.ActiveCfg = Release|Any CPU
		{AB6F0D5C-52EF-4034-80F2-D2ACA26A2E30}.Release|iPhoneSimulator.ActiveCfg = Release|Any CPU
		{AB6F0D5C-52EF-4034-80F2-D2ACA26A2E30}.Release|Mixed Platforms.ActiveCfg = Release|Any CPU
		{AB6F0D5C-52EF-4034-80F2-D2ACA26A2E30}.Release|Mixed Platforms.Build.0 = Release|Any CPU
		{AB6F0D5C-52EF-4034-80F2-D2ACA26A2E30}.Release|x86.ActiveCfg = Release|Any CPU
		{40ACD546-E63E-41D9-BB5D-8D4D3D5F2CF0}.Ad-Hoc|Any CPU.ActiveCfg = Release|Any CPU
		{40ACD546-E63E-41D9-BB5D-8D4D3D5F2CF0}.Ad-Hoc|Any CPU.Build.0 = Release|Any CPU
		{40ACD546-E63E-41D9-BB5D-8D4D3D5F2CF0}.Ad-Hoc|iPhone.ActiveCfg = Release|Any CPU
		{40ACD546-E63E-41D9-BB5D-8D4D3D5F2CF0}.Ad-Hoc|iPhoneSimulator.ActiveCfg = Release|Any CPU
		{40ACD546-E63E-41D9-BB5D-8D4D3D5F2CF0}.Ad-Hoc|Mixed Platforms.ActiveCfg = Release|Any CPU
		{40ACD546-E63E-41D9-BB5D-8D4D3D5F2CF0}.Ad-Hoc|Mixed Platforms.Build.0 = Release|Any CPU
		{40ACD546-E63E-41D9-BB5D-8D4D3D5F2CF0}.Ad-Hoc|x86.ActiveCfg = Release|Any CPU
		{40ACD546-E63E-41D9-BB5D-8D4D3D5F2CF0}.AppStore|Any CPU.ActiveCfg = Release|Any CPU
		{40ACD546-E63E-41D9-BB5D-8D4D3D5F2CF0}.AppStore|Any CPU.Build.0 = Release|Any CPU
		{40ACD546-E63E-41D9-BB5D-8D4D3D5F2CF0}.AppStore|iPhone.ActiveCfg = Release|Any CPU
		{40ACD546-E63E-41D9-BB5D-8D4D3D5F2CF0}.AppStore|iPhoneSimulator.ActiveCfg = Release|Any CPU
		{40ACD546-E63E-41D9-BB5D-8D4D3D5F2CF0}.AppStore|Mixed Platforms.ActiveCfg = Release|Any CPU
		{40ACD546-E63E-41D9-BB5D-8D4D3D5F2CF0}.AppStore|Mixed Platforms.Build.0 = Release|Any CPU
		{40ACD546-E63E-41D9-BB5D-8D4D3D5F2CF0}.AppStore|x86.ActiveCfg = Release|Any CPU
		{40ACD546-E63E-41D9-BB5D-8D4D3D5F2CF0}.Debug|Any CPU.ActiveCfg = Debug|Any CPU
		{40ACD546-E63E-41D9-BB5D-8D4D3D5F2CF0}.Debug|Any CPU.Build.0 = Debug|Any CPU
		{40ACD546-E63E-41D9-BB5D-8D4D3D5F2CF0}.Debug|iPhone.ActiveCfg = Debug|Any CPU
		{40ACD546-E63E-41D9-BB5D-8D4D3D5F2CF0}.Debug|iPhoneSimulator.ActiveCfg = Debug|Any CPU
		{40ACD546-E63E-41D9-BB5D-8D4D3D5F2CF0}.Debug|Mixed Platforms.ActiveCfg = Debug|Any CPU
		{40ACD546-E63E-41D9-BB5D-8D4D3D5F2CF0}.Debug|Mixed Platforms.Build.0 = Debug|Any CPU
		{40ACD546-E63E-41D9-BB5D-8D4D3D5F2CF0}.Debug|x86.ActiveCfg = Debug|Any CPU
		{40ACD546-E63E-41D9-BB5D-8D4D3D5F2CF0}.Release|Any CPU.ActiveCfg = Release|Any CPU
		{40ACD546-E63E-41D9-BB5D-8D4D3D5F2CF0}.Release|Any CPU.Build.0 = Release|Any CPU
		{40ACD546-E63E-41D9-BB5D-8D4D3D5F2CF0}.Release|iPhone.ActiveCfg = Release|Any CPU
		{40ACD546-E63E-41D9-BB5D-8D4D3D5F2CF0}.Release|iPhoneSimulator.ActiveCfg = Release|Any CPU
		{40ACD546-E63E-41D9-BB5D-8D4D3D5F2CF0}.Release|Mixed Platforms.ActiveCfg = Release|Any CPU
		{40ACD546-E63E-41D9-BB5D-8D4D3D5F2CF0}.Release|Mixed Platforms.Build.0 = Release|Any CPU
		{40ACD546-E63E-41D9-BB5D-8D4D3D5F2CF0}.Release|x86.ActiveCfg = Release|Any CPU
		{13C1FDB8-2C4C-4A39-AFD2-262EB194735D}.Ad-Hoc|Any CPU.ActiveCfg = Release|Any CPU
		{13C1FDB8-2C4C-4A39-AFD2-262EB194735D}.Ad-Hoc|Any CPU.Build.0 = Release|Any CPU
		{13C1FDB8-2C4C-4A39-AFD2-262EB194735D}.Ad-Hoc|iPhone.ActiveCfg = Release|Any CPU
		{13C1FDB8-2C4C-4A39-AFD2-262EB194735D}.Ad-Hoc|iPhoneSimulator.ActiveCfg = Release|Any CPU
		{13C1FDB8-2C4C-4A39-AFD2-262EB194735D}.Ad-Hoc|Mixed Platforms.ActiveCfg = Release|Any CPU
		{13C1FDB8-2C4C-4A39-AFD2-262EB194735D}.Ad-Hoc|Mixed Platforms.Build.0 = Release|Any CPU
		{13C1FDB8-2C4C-4A39-AFD2-262EB194735D}.Ad-Hoc|x86.ActiveCfg = Release|Any CPU
		{13C1FDB8-2C4C-4A39-AFD2-262EB194735D}.AppStore|Any CPU.ActiveCfg = Release|Any CPU
		{13C1FDB8-2C4C-4A39-AFD2-262EB194735D}.AppStore|Any CPU.Build.0 = Release|Any CPU
		{13C1FDB8-2C4C-4A39-AFD2-262EB194735D}.AppStore|iPhone.ActiveCfg = Release|Any CPU
		{13C1FDB8-2C4C-4A39-AFD2-262EB194735D}.AppStore|iPhoneSimulator.ActiveCfg = Release|Any CPU
		{13C1FDB8-2C4C-4A39-AFD2-262EB194735D}.AppStore|Mixed Platforms.ActiveCfg = Release|Any CPU
		{13C1FDB8-2C4C-4A39-AFD2-262EB194735D}.AppStore|Mixed Platforms.Build.0 = Release|Any CPU
		{13C1FDB8-2C4C-4A39-AFD2-262EB194735D}.AppStore|x86.ActiveCfg = Release|Any CPU
		{13C1FDB8-2C4C-4A39-AFD2-262EB194735D}.Debug|Any CPU.ActiveCfg = Debug|Any CPU
		{13C1FDB8-2C4C-4A39-AFD2-262EB194735D}.Debug|Any CPU.Build.0 = Debug|Any CPU
		{13C1FDB8-2C4C-4A39-AFD2-262EB194735D}.Debug|iPhone.ActiveCfg = Debug|Any CPU
		{13C1FDB8-2C4C-4A39-AFD2-262EB194735D}.Debug|iPhoneSimulator.ActiveCfg = Debug|Any CPU
		{13C1FDB8-2C4C-4A39-AFD2-262EB194735D}.Debug|Mixed Platforms.ActiveCfg = Debug|Any CPU
		{13C1FDB8-2C4C-4A39-AFD2-262EB194735D}.Debug|Mixed Platforms.Build.0 = Debug|Any CPU
		{13C1FDB8-2C4C-4A39-AFD2-262EB194735D}.Debug|x86.ActiveCfg = Debug|Any CPU
		{13C1FDB8-2C4C-4A39-AFD2-262EB194735D}.Release|Any CPU.ActiveCfg = Release|Any CPU
		{13C1FDB8-2C4C-4A39-AFD2-262EB194735D}.Release|Any CPU.Build.0 = Release|Any CPU
		{13C1FDB8-2C4C-4A39-AFD2-262EB194735D}.Release|iPhone.ActiveCfg = Release|Any CPU
		{13C1FDB8-2C4C-4A39-AFD2-262EB194735D}.Release|iPhoneSimulator.ActiveCfg = Release|Any CPU
		{13C1FDB8-2C4C-4A39-AFD2-262EB194735D}.Release|Mixed Platforms.ActiveCfg = Release|Any CPU
		{13C1FDB8-2C4C-4A39-AFD2-262EB194735D}.Release|Mixed Platforms.Build.0 = Release|Any CPU
		{13C1FDB8-2C4C-4A39-AFD2-262EB194735D}.Release|x86.ActiveCfg = Release|Any CPU
		{14F75CA6-FE49-4548-8AB9-DE2A78905159}.Ad-Hoc|Any CPU.ActiveCfg = Release|Any CPU
		{14F75CA6-FE49-4548-8AB9-DE2A78905159}.Ad-Hoc|Any CPU.Build.0 = Release|Any CPU
		{14F75CA6-FE49-4548-8AB9-DE2A78905159}.Ad-Hoc|iPhone.ActiveCfg = Release|Any CPU
		{14F75CA6-FE49-4548-8AB9-DE2A78905159}.Ad-Hoc|iPhoneSimulator.ActiveCfg = Release|Any CPU
		{14F75CA6-FE49-4548-8AB9-DE2A78905159}.Ad-Hoc|Mixed Platforms.ActiveCfg = Release|Any CPU
		{14F75CA6-FE49-4548-8AB9-DE2A78905159}.Ad-Hoc|Mixed Platforms.Build.0 = Release|Any CPU
		{14F75CA6-FE49-4548-8AB9-DE2A78905159}.Ad-Hoc|x86.ActiveCfg = Release|Any CPU
		{14F75CA6-FE49-4548-8AB9-DE2A78905159}.AppStore|Any CPU.ActiveCfg = Release|Any CPU
		{14F75CA6-FE49-4548-8AB9-DE2A78905159}.AppStore|Any CPU.Build.0 = Release|Any CPU
		{14F75CA6-FE49-4548-8AB9-DE2A78905159}.AppStore|iPhone.ActiveCfg = Release|Any CPU
		{14F75CA6-FE49-4548-8AB9-DE2A78905159}.AppStore|iPhoneSimulator.ActiveCfg = Release|Any CPU
		{14F75CA6-FE49-4548-8AB9-DE2A78905159}.AppStore|Mixed Platforms.ActiveCfg = Release|Any CPU
		{14F75CA6-FE49-4548-8AB9-DE2A78905159}.AppStore|Mixed Platforms.Build.0 = Release|Any CPU
		{14F75CA6-FE49-4548-8AB9-DE2A78905159}.AppStore|x86.ActiveCfg = Release|Any CPU
		{14F75CA6-FE49-4548-8AB9-DE2A78905159}.Debug|Any CPU.ActiveCfg = Debug|Any CPU
		{14F75CA6-FE49-4548-8AB9-DE2A78905159}.Debug|Any CPU.Build.0 = Debug|Any CPU
		{14F75CA6-FE49-4548-8AB9-DE2A78905159}.Debug|iPhone.ActiveCfg = Debug|Any CPU
		{14F75CA6-FE49-4548-8AB9-DE2A78905159}.Debug|iPhoneSimulator.ActiveCfg = Debug|Any CPU
		{14F75CA6-FE49-4548-8AB9-DE2A78905159}.Debug|Mixed Platforms.ActiveCfg = Debug|Any CPU
		{14F75CA6-FE49-4548-8AB9-DE2A78905159}.Debug|Mixed Platforms.Build.0 = Debug|Any CPU
		{14F75CA6-FE49-4548-8AB9-DE2A78905159}.Debug|x86.ActiveCfg = Debug|Any CPU
		{14F75CA6-FE49-4548-8AB9-DE2A78905159}.Release|Any CPU.ActiveCfg = Release|Any CPU
		{14F75CA6-FE49-4548-8AB9-DE2A78905159}.Release|Any CPU.Build.0 = Release|Any CPU
		{14F75CA6-FE49-4548-8AB9-DE2A78905159}.Release|iPhone.ActiveCfg = Release|Any CPU
		{14F75CA6-FE49-4548-8AB9-DE2A78905159}.Release|iPhoneSimulator.ActiveCfg = Release|Any CPU
		{14F75CA6-FE49-4548-8AB9-DE2A78905159}.Release|Mixed Platforms.ActiveCfg = Release|Any CPU
		{14F75CA6-FE49-4548-8AB9-DE2A78905159}.Release|Mixed Platforms.Build.0 = Release|Any CPU
		{14F75CA6-FE49-4548-8AB9-DE2A78905159}.Release|x86.ActiveCfg = Release|Any CPU
		{D3B30E37-CB97-4A5B-A2CA-B9A2541E5BEB}.Ad-Hoc|Any CPU.ActiveCfg = Release|Any CPU
		{D3B30E37-CB97-4A5B-A2CA-B9A2541E5BEB}.Ad-Hoc|Any CPU.Build.0 = Release|Any CPU
		{D3B30E37-CB97-4A5B-A2CA-B9A2541E5BEB}.Ad-Hoc|iPhone.ActiveCfg = Release|Any CPU
		{D3B30E37-CB97-4A5B-A2CA-B9A2541E5BEB}.Ad-Hoc|iPhoneSimulator.ActiveCfg = Release|Any CPU
		{D3B30E37-CB97-4A5B-A2CA-B9A2541E5BEB}.Ad-Hoc|Mixed Platforms.ActiveCfg = Release|Any CPU
		{D3B30E37-CB97-4A5B-A2CA-B9A2541E5BEB}.Ad-Hoc|Mixed Platforms.Build.0 = Release|Any CPU
		{D3B30E37-CB97-4A5B-A2CA-B9A2541E5BEB}.Ad-Hoc|x86.ActiveCfg = Release|Any CPU
		{D3B30E37-CB97-4A5B-A2CA-B9A2541E5BEB}.AppStore|Any CPU.ActiveCfg = Release|Any CPU
		{D3B30E37-CB97-4A5B-A2CA-B9A2541E5BEB}.AppStore|Any CPU.Build.0 = Release|Any CPU
		{D3B30E37-CB97-4A5B-A2CA-B9A2541E5BEB}.AppStore|iPhone.ActiveCfg = Release|Any CPU
		{D3B30E37-CB97-4A5B-A2CA-B9A2541E5BEB}.AppStore|iPhoneSimulator.ActiveCfg = Release|Any CPU
		{D3B30E37-CB97-4A5B-A2CA-B9A2541E5BEB}.AppStore|Mixed Platforms.ActiveCfg = Release|Any CPU
		{D3B30E37-CB97-4A5B-A2CA-B9A2541E5BEB}.AppStore|Mixed Platforms.Build.0 = Release|Any CPU
		{D3B30E37-CB97-4A5B-A2CA-B9A2541E5BEB}.AppStore|x86.ActiveCfg = Release|Any CPU
		{D3B30E37-CB97-4A5B-A2CA-B9A2541E5BEB}.Debug|Any CPU.ActiveCfg = Debug|Any CPU
		{D3B30E37-CB97-4A5B-A2CA-B9A2541E5BEB}.Debug|Any CPU.Build.0 = Debug|Any CPU
		{D3B30E37-CB97-4A5B-A2CA-B9A2541E5BEB}.Debug|iPhone.ActiveCfg = Debug|Any CPU
		{D3B30E37-CB97-4A5B-A2CA-B9A2541E5BEB}.Debug|iPhoneSimulator.ActiveCfg = Debug|Any CPU
		{D3B30E37-CB97-4A5B-A2CA-B9A2541E5BEB}.Debug|Mixed Platforms.ActiveCfg = Debug|Any CPU
		{D3B30E37-CB97-4A5B-A2CA-B9A2541E5BEB}.Debug|Mixed Platforms.Build.0 = Debug|Any CPU
		{D3B30E37-CB97-4A5B-A2CA-B9A2541E5BEB}.Debug|x86.ActiveCfg = Debug|Any CPU
		{D3B30E37-CB97-4A5B-A2CA-B9A2541E5BEB}.Release|Any CPU.ActiveCfg = Release|Any CPU
		{D3B30E37-CB97-4A5B-A2CA-B9A2541E5BEB}.Release|Any CPU.Build.0 = Release|Any CPU
		{D3B30E37-CB97-4A5B-A2CA-B9A2541E5BEB}.Release|iPhone.ActiveCfg = Release|Any CPU
		{D3B30E37-CB97-4A5B-A2CA-B9A2541E5BEB}.Release|iPhoneSimulator.ActiveCfg = Release|Any CPU
		{D3B30E37-CB97-4A5B-A2CA-B9A2541E5BEB}.Release|Mixed Platforms.ActiveCfg = Release|Any CPU
		{D3B30E37-CB97-4A5B-A2CA-B9A2541E5BEB}.Release|Mixed Platforms.Build.0 = Release|Any CPU
		{D3B30E37-CB97-4A5B-A2CA-B9A2541E5BEB}.Release|x86.ActiveCfg = Release|Any CPU
		{76D77079-81B8-4CBF-A60A-2CEDF18C73DE}.Ad-Hoc|Any CPU.ActiveCfg = Release|Any CPU
		{76D77079-81B8-4CBF-A60A-2CEDF18C73DE}.Ad-Hoc|Any CPU.Build.0 = Release|Any CPU
		{76D77079-81B8-4CBF-A60A-2CEDF18C73DE}.Ad-Hoc|iPhone.ActiveCfg = Release|Any CPU
		{76D77079-81B8-4CBF-A60A-2CEDF18C73DE}.Ad-Hoc|iPhoneSimulator.ActiveCfg = Release|Any CPU
		{76D77079-81B8-4CBF-A60A-2CEDF18C73DE}.Ad-Hoc|Mixed Platforms.ActiveCfg = Release|Any CPU
		{76D77079-81B8-4CBF-A60A-2CEDF18C73DE}.Ad-Hoc|Mixed Platforms.Build.0 = Release|Any CPU
		{76D77079-81B8-4CBF-A60A-2CEDF18C73DE}.Ad-Hoc|x86.ActiveCfg = Release|Any CPU
		{76D77079-81B8-4CBF-A60A-2CEDF18C73DE}.AppStore|Any CPU.ActiveCfg = Release|Any CPU
		{76D77079-81B8-4CBF-A60A-2CEDF18C73DE}.AppStore|Any CPU.Build.0 = Release|Any CPU
		{76D77079-81B8-4CBF-A60A-2CEDF18C73DE}.AppStore|iPhone.ActiveCfg = Release|Any CPU
		{76D77079-81B8-4CBF-A60A-2CEDF18C73DE}.AppStore|iPhoneSimulator.ActiveCfg = Release|Any CPU
		{76D77079-81B8-4CBF-A60A-2CEDF18C73DE}.AppStore|Mixed Platforms.ActiveCfg = Release|Any CPU
		{76D77079-81B8-4CBF-A60A-2CEDF18C73DE}.AppStore|Mixed Platforms.Build.0 = Release|Any CPU
		{76D77079-81B8-4CBF-A60A-2CEDF18C73DE}.AppStore|x86.ActiveCfg = Release|Any CPU
		{76D77079-81B8-4CBF-A60A-2CEDF18C73DE}.Debug|Any CPU.ActiveCfg = Debug|Any CPU
		{76D77079-81B8-4CBF-A60A-2CEDF18C73DE}.Debug|Any CPU.Build.0 = Debug|Any CPU
		{76D77079-81B8-4CBF-A60A-2CEDF18C73DE}.Debug|iPhone.ActiveCfg = Debug|Any CPU
		{76D77079-81B8-4CBF-A60A-2CEDF18C73DE}.Debug|iPhoneSimulator.ActiveCfg = Debug|Any CPU
		{76D77079-81B8-4CBF-A60A-2CEDF18C73DE}.Debug|Mixed Platforms.ActiveCfg = Debug|Any CPU
		{76D77079-81B8-4CBF-A60A-2CEDF18C73DE}.Debug|Mixed Platforms.Build.0 = Debug|Any CPU
		{76D77079-81B8-4CBF-A60A-2CEDF18C73DE}.Debug|x86.ActiveCfg = Debug|Any CPU
		{76D77079-81B8-4CBF-A60A-2CEDF18C73DE}.Release|Any CPU.ActiveCfg = Release|Any CPU
		{76D77079-81B8-4CBF-A60A-2CEDF18C73DE}.Release|Any CPU.Build.0 = Release|Any CPU
		{76D77079-81B8-4CBF-A60A-2CEDF18C73DE}.Release|iPhone.ActiveCfg = Release|Any CPU
		{76D77079-81B8-4CBF-A60A-2CEDF18C73DE}.Release|iPhoneSimulator.ActiveCfg = Release|Any CPU
		{76D77079-81B8-4CBF-A60A-2CEDF18C73DE}.Release|Mixed Platforms.ActiveCfg = Release|Any CPU
		{76D77079-81B8-4CBF-A60A-2CEDF18C73DE}.Release|Mixed Platforms.Build.0 = Release|Any CPU
		{76D77079-81B8-4CBF-A60A-2CEDF18C73DE}.Release|x86.ActiveCfg = Release|Any CPU
		{B1417CA7-5770-4272-A110-ACE51B8C0208}.Ad-Hoc|Any CPU.ActiveCfg = Release|x86
		{B1417CA7-5770-4272-A110-ACE51B8C0208}.Ad-Hoc|iPhone.ActiveCfg = Release|x86
		{B1417CA7-5770-4272-A110-ACE51B8C0208}.Ad-Hoc|iPhoneSimulator.ActiveCfg = Release|x86
		{B1417CA7-5770-4272-A110-ACE51B8C0208}.Ad-Hoc|Mixed Platforms.ActiveCfg = Release|x86
		{B1417CA7-5770-4272-A110-ACE51B8C0208}.Ad-Hoc|Mixed Platforms.Build.0 = Release|x86
		{B1417CA7-5770-4272-A110-ACE51B8C0208}.Ad-Hoc|x86.ActiveCfg = Release|x86
		{B1417CA7-5770-4272-A110-ACE51B8C0208}.Ad-Hoc|x86.Build.0 = Release|x86
		{B1417CA7-5770-4272-A110-ACE51B8C0208}.AppStore|Any CPU.ActiveCfg = Release|x86
		{B1417CA7-5770-4272-A110-ACE51B8C0208}.AppStore|iPhone.ActiveCfg = Release|x86
		{B1417CA7-5770-4272-A110-ACE51B8C0208}.AppStore|iPhoneSimulator.ActiveCfg = Release|x86
		{B1417CA7-5770-4272-A110-ACE51B8C0208}.AppStore|Mixed Platforms.ActiveCfg = Release|x86
		{B1417CA7-5770-4272-A110-ACE51B8C0208}.AppStore|Mixed Platforms.Build.0 = Release|x86
		{B1417CA7-5770-4272-A110-ACE51B8C0208}.AppStore|x86.ActiveCfg = Release|x86
		{B1417CA7-5770-4272-A110-ACE51B8C0208}.AppStore|x86.Build.0 = Release|x86
		{B1417CA7-5770-4272-A110-ACE51B8C0208}.Debug|Any CPU.ActiveCfg = Debug|x86
		{B1417CA7-5770-4272-A110-ACE51B8C0208}.Debug|Any CPU.Build.0 = Debug|x86
		{B1417CA7-5770-4272-A110-ACE51B8C0208}.Debug|iPhone.ActiveCfg = Debug|x86
		{B1417CA7-5770-4272-A110-ACE51B8C0208}.Debug|iPhoneSimulator.ActiveCfg = Debug|x86
		{B1417CA7-5770-4272-A110-ACE51B8C0208}.Debug|Mixed Platforms.ActiveCfg = Debug|x86
		{B1417CA7-5770-4272-A110-ACE51B8C0208}.Debug|Mixed Platforms.Build.0 = Debug|x86
		{B1417CA7-5770-4272-A110-ACE51B8C0208}.Debug|x86.ActiveCfg = Debug|x86
		{B1417CA7-5770-4272-A110-ACE51B8C0208}.Debug|x86.Build.0 = Debug|x86
		{B1417CA7-5770-4272-A110-ACE51B8C0208}.Release|Any CPU.ActiveCfg = Release|x86
		{B1417CA7-5770-4272-A110-ACE51B8C0208}.Release|iPhone.ActiveCfg = Release|x86
		{B1417CA7-5770-4272-A110-ACE51B8C0208}.Release|iPhoneSimulator.ActiveCfg = Release|x86
		{B1417CA7-5770-4272-A110-ACE51B8C0208}.Release|Mixed Platforms.ActiveCfg = Release|x86
		{B1417CA7-5770-4272-A110-ACE51B8C0208}.Release|Mixed Platforms.Build.0 = Release|x86
		{B1417CA7-5770-4272-A110-ACE51B8C0208}.Release|x86.ActiveCfg = Release|x86
		{B1417CA7-5770-4272-A110-ACE51B8C0208}.Release|x86.Build.0 = Release|x86
		{9942D9EB-2E6E-4C55-8314-E9D7E5BDA061}.Ad-Hoc|Any CPU.ActiveCfg = Release|Any CPU
		{9942D9EB-2E6E-4C55-8314-E9D7E5BDA061}.Ad-Hoc|Any CPU.Build.0 = Release|Any CPU
		{9942D9EB-2E6E-4C55-8314-E9D7E5BDA061}.Ad-Hoc|iPhone.ActiveCfg = Release|Any CPU
		{9942D9EB-2E6E-4C55-8314-E9D7E5BDA061}.Ad-Hoc|iPhoneSimulator.ActiveCfg = Release|Any CPU
		{9942D9EB-2E6E-4C55-8314-E9D7E5BDA061}.Ad-Hoc|Mixed Platforms.ActiveCfg = Release|Any CPU
		{9942D9EB-2E6E-4C55-8314-E9D7E5BDA061}.Ad-Hoc|Mixed Platforms.Build.0 = Release|Any CPU
		{9942D9EB-2E6E-4C55-8314-E9D7E5BDA061}.Ad-Hoc|x86.ActiveCfg = Release|Any CPU
		{9942D9EB-2E6E-4C55-8314-E9D7E5BDA061}.AppStore|Any CPU.ActiveCfg = Release|Any CPU
		{9942D9EB-2E6E-4C55-8314-E9D7E5BDA061}.AppStore|Any CPU.Build.0 = Release|Any CPU
		{9942D9EB-2E6E-4C55-8314-E9D7E5BDA061}.AppStore|iPhone.ActiveCfg = Release|Any CPU
		{9942D9EB-2E6E-4C55-8314-E9D7E5BDA061}.AppStore|iPhoneSimulator.ActiveCfg = Release|Any CPU
		{9942D9EB-2E6E-4C55-8314-E9D7E5BDA061}.AppStore|Mixed Platforms.ActiveCfg = Release|Any CPU
		{9942D9EB-2E6E-4C55-8314-E9D7E5BDA061}.AppStore|Mixed Platforms.Build.0 = Release|Any CPU
		{9942D9EB-2E6E-4C55-8314-E9D7E5BDA061}.AppStore|x86.ActiveCfg = Release|Any CPU
		{9942D9EB-2E6E-4C55-8314-E9D7E5BDA061}.Debug|Any CPU.ActiveCfg = Debug|Any CPU
		{9942D9EB-2E6E-4C55-8314-E9D7E5BDA061}.Debug|Any CPU.Build.0 = Debug|Any CPU
		{9942D9EB-2E6E-4C55-8314-E9D7E5BDA061}.Debug|iPhone.ActiveCfg = Debug|Any CPU
		{9942D9EB-2E6E-4C55-8314-E9D7E5BDA061}.Debug|iPhoneSimulator.ActiveCfg = Debug|Any CPU
		{9942D9EB-2E6E-4C55-8314-E9D7E5BDA061}.Debug|Mixed Platforms.ActiveCfg = Debug|Any CPU
		{9942D9EB-2E6E-4C55-8314-E9D7E5BDA061}.Debug|Mixed Platforms.Build.0 = Debug|Any CPU
		{9942D9EB-2E6E-4C55-8314-E9D7E5BDA061}.Debug|x86.ActiveCfg = Debug|Any CPU
		{9942D9EB-2E6E-4C55-8314-E9D7E5BDA061}.Release|Any CPU.ActiveCfg = Release|Any CPU
		{9942D9EB-2E6E-4C55-8314-E9D7E5BDA061}.Release|Any CPU.Build.0 = Release|Any CPU
		{9942D9EB-2E6E-4C55-8314-E9D7E5BDA061}.Release|iPhone.ActiveCfg = Release|Any CPU
		{9942D9EB-2E6E-4C55-8314-E9D7E5BDA061}.Release|iPhoneSimulator.ActiveCfg = Release|Any CPU
		{9942D9EB-2E6E-4C55-8314-E9D7E5BDA061}.Release|Mixed Platforms.ActiveCfg = Release|Any CPU
		{9942D9EB-2E6E-4C55-8314-E9D7E5BDA061}.Release|Mixed Platforms.Build.0 = Release|Any CPU
		{9942D9EB-2E6E-4C55-8314-E9D7E5BDA061}.Release|x86.ActiveCfg = Release|Any CPU
		{23D8F9A6-351F-4AAC-8232-0747A28E6D69}.Ad-Hoc|Any CPU.ActiveCfg = Release|Any CPU
		{23D8F9A6-351F-4AAC-8232-0747A28E6D69}.Ad-Hoc|Any CPU.Build.0 = Release|Any CPU
		{23D8F9A6-351F-4AAC-8232-0747A28E6D69}.Ad-Hoc|iPhone.ActiveCfg = Release|Any CPU
		{23D8F9A6-351F-4AAC-8232-0747A28E6D69}.Ad-Hoc|iPhoneSimulator.ActiveCfg = Release|Any CPU
		{23D8F9A6-351F-4AAC-8232-0747A28E6D69}.Ad-Hoc|Mixed Platforms.ActiveCfg = Release|Any CPU
		{23D8F9A6-351F-4AAC-8232-0747A28E6D69}.Ad-Hoc|Mixed Platforms.Build.0 = Release|Any CPU
		{23D8F9A6-351F-4AAC-8232-0747A28E6D69}.Ad-Hoc|x86.ActiveCfg = Release|Any CPU
		{23D8F9A6-351F-4AAC-8232-0747A28E6D69}.AppStore|Any CPU.ActiveCfg = Release|Any CPU
		{23D8F9A6-351F-4AAC-8232-0747A28E6D69}.AppStore|Any CPU.Build.0 = Release|Any CPU
		{23D8F9A6-351F-4AAC-8232-0747A28E6D69}.AppStore|iPhone.ActiveCfg = Release|Any CPU
		{23D8F9A6-351F-4AAC-8232-0747A28E6D69}.AppStore|iPhoneSimulator.ActiveCfg = Release|Any CPU
		{23D8F9A6-351F-4AAC-8232-0747A28E6D69}.AppStore|Mixed Platforms.ActiveCfg = Release|Any CPU
		{23D8F9A6-351F-4AAC-8232-0747A28E6D69}.AppStore|Mixed Platforms.Build.0 = Release|Any CPU
		{23D8F9A6-351F-4AAC-8232-0747A28E6D69}.AppStore|x86.ActiveCfg = Release|Any CPU
		{23D8F9A6-351F-4AAC-8232-0747A28E6D69}.Debug|Any CPU.ActiveCfg = Debug|Any CPU
		{23D8F9A6-351F-4AAC-8232-0747A28E6D69}.Debug|Any CPU.Build.0 = Debug|Any CPU
		{23D8F9A6-351F-4AAC-8232-0747A28E6D69}.Debug|iPhone.ActiveCfg = Debug|Any CPU
		{23D8F9A6-351F-4AAC-8232-0747A28E6D69}.Debug|iPhoneSimulator.ActiveCfg = Debug|Any CPU
		{23D8F9A6-351F-4AAC-8232-0747A28E6D69}.Debug|Mixed Platforms.ActiveCfg = Debug|Any CPU
		{23D8F9A6-351F-4AAC-8232-0747A28E6D69}.Debug|Mixed Platforms.Build.0 = Debug|Any CPU
		{23D8F9A6-351F-4AAC-8232-0747A28E6D69}.Debug|x86.ActiveCfg = Debug|Any CPU
		{23D8F9A6-351F-4AAC-8232-0747A28E6D69}.Release|Any CPU.ActiveCfg = Release|Any CPU
		{23D8F9A6-351F-4AAC-8232-0747A28E6D69}.Release|Any CPU.Build.0 = Release|Any CPU
		{23D8F9A6-351F-4AAC-8232-0747A28E6D69}.Release|iPhone.ActiveCfg = Release|Any CPU
		{23D8F9A6-351F-4AAC-8232-0747A28E6D69}.Release|iPhoneSimulator.ActiveCfg = Release|Any CPU
		{23D8F9A6-351F-4AAC-8232-0747A28E6D69}.Release|Mixed Platforms.ActiveCfg = Release|Any CPU
		{23D8F9A6-351F-4AAC-8232-0747A28E6D69}.Release|Mixed Platforms.Build.0 = Release|Any CPU
		{23D8F9A6-351F-4AAC-8232-0747A28E6D69}.Release|x86.ActiveCfg = Release|Any CPU
	EndGlobalSection
	GlobalSection(SolutionProperties) = preSolution
		HideSolutionNode = FALSE
	EndGlobalSection
EndGlobal
